{
  "requires": true,
  "lockfileVersion": 1,
  "dependencies": {
    "@ionic/core": {
      "version": "8.5.6",
      "resolved": "https://registry.npmjs.org/@ionic/core/-/core-8.5.6.tgz",
      "integrity": "sha512-JGOGK6H4PQHbtsQZ5aGTnr6Il1/AvY3NjGaAZEKNhGWyUu7gpTWtU+WBQPAccsB89LXmND3/1m0MctPc7kzAYw==",
      "requires": {
        "@stencil/core": "4.20.0",
        "ionicons": "^7.2.2",
        "tslib": "^2.1.0"
      }
    },
    "@ionic/react": {
      "version": "8.5.6",
      "resolved": "https://registry.npmjs.org/@ionic/react/-/react-8.5.6.tgz",
      "integrity": "sha512-Tl/MXmLH+D+PzIdjUNPel2pkoCa6nZRtWJqoODvB6xGDGzTEV93EvvbOk25PCaHEwLRIhApz0ZsddCrog24ilQ==",
      "requires": {
        "@ionic/core": "8.5.6",
        "ionicons": "^7.0.0",
        "tslib": "*"
      }
    },
    "@stencil/core": {
      "version": "4.20.0",
      "resolved": "https://registry.npmjs.org/@stencil/core/-/core-4.20.0.tgz",
      "integrity": "sha512-WPrTHFngvN081RY+dJPneKQLwnOFD60OMCOQGmmSHfCW0f4ujPMzzhwWU1gcSwXPWXz5O+8cBiiCaxAbJU7kAg=="
    },
    "ionicons": {
      "version": "7.4.0",
      "resolved": "https://registry.npmjs.org/ionicons/-/ionicons-7.4.0.tgz",
      "integrity": "sha512-ZK94MMqgzMCPPMhmk8Ouu6goyVHFIlw/ACP6oe3FrikcI0N7CX0xcwVaEbUc0G/v3W0shI93vo+9ve/KpvcNhQ==",
      "requires": {
        "@stencil/core": "^4.0.3"
      }
    },
    "tslib": {
      "version": "2.8.1",
      "resolved": "https://registry.npmjs.org/tslib/-/tslib-2.8.1.tgz",
      "integrity": "sha512-oJFu94HQb+KVduSUQL7wnpmqnfmLsOA/nAh6b6EH0wCEoK0/mPeXU6c3wKDV83MkOuHPRHtSXKKU99IBazS/2w=="
    }
  }
}
